{
  "version": "3",
  "packages": {
    "specifiers": {
      "npm:emoji-from-text": "npm:emoji-from-text@1.1.12",
      "npm:emoji-regex-xs": "npm:emoji-regex-xs@1.0.0"
    },
    "npm": {
      "count-words-array@1.0.13": {
        "integrity": "sha512-JuKzjvlvfUkFFsxnn8Wos+mlAYYhtInG2yDdtV3gtnDn67k0GmDX4VT6DwX/ovAaSYg3ByDIGN8t38/HeA3feg==",
        "dependencies": {
          "count-words": "count-words@1.0.13"
        }
      },
      "count-words@1.0.13": {
        "integrity": "sha512-udGVdXlyQAVcWXozUMSZ4GAbEpxHqvMVBeDDEYUuaDwCyz72XugSn3it1tWu/4pv+kY8PnC0OwzsZI3tCijuVQ==",
        "dependencies": {
          "set-or-get": "set-or-get@1.2.11",
          "worder": "worder@1.1.1"
        }
      },
      "deffy@2.2.4": {
        "integrity": "sha512-pLc9lsbsWjr6RxmJ2OLyvm+9l4j1yK69h+TML/gUit/t3vTijpkNGh8LioaJYTGO7F25m6HZndADcUOo2PsiUg==",
        "dependencies": {
          "typpy": "typpy@2.3.13"
        }
      },
      "emoji-from-text@1.1.12": {
        "integrity": "sha512-z6+JGhFUak5xuztOdUnfSUS/TP83igYOpNTi1pYCZbO2GFOQkQiHYGuSsNntQD/TPWUkvu+g7IV3USqUX+pmOw==",
        "dependencies": {
          "count-words-array": "count-words-array@1.0.13",
          "emoji-from-word": "emoji-from-word@1.2.12"
        }
      },
      "emoji-from-word@1.2.12": {
        "integrity": "sha512-xNIl/NflPD46iqbGyVj8U56rYW4i021rNHDYxEE3PSrnMpGxp9NxxedRqGsL1ol8z8taHF27TB9+mRbSFHSx5Q==",
        "dependencies": {
          "emojilib": "emojilib@1.1.0",
          "iterate-object": "iterate-object@1.3.4"
        }
      },
      "emoji-regex-xs@1.0.0": {
        "integrity": "sha512-LRlerrMYoIDrT6jgpeZ2YYl/L8EulRTt5hQcYjy5AInh7HWXKimpqx68aknBFpGL2+/IcogTcaydJEgaTmOpDg==",
        "dependencies": {}
      },
      "emojilib@1.1.0": {
        "integrity": "sha512-OItSVrbYs38A8cbssqny5xH9qsyTzJ+vcTUjgwowlugmLOmOCceVMAraNcEle/6PuqI8J+wS70MzbbWRfW1cIQ==",
        "dependencies": {}
      },
      "function.name@1.0.13": {
        "integrity": "sha512-mVrqdoy5npWZyoXl4DxCeuVF6delDcQjVS9aPdvLYlBxtMTZDR2B5GVEQEoM1jJyspCqg3C0v4ABkLE7tp9xFA==",
        "dependencies": {
          "noop6": "noop6@1.0.9"
        }
      },
      "iterate-object@1.3.4": {
        "integrity": "sha512-4dG1D1x/7g8PwHS9aK6QV5V94+ZvyP4+d19qDv43EzImmrndysIl4prmJ1hWWIGCqrZHyaHBm6BSEWHOLnpoNw==",
        "dependencies": {}
      },
      "noop6@1.0.9": {
        "integrity": "sha512-DB3Hwyd89dPr5HqEPg3YHjzvwh/mCqizC1zZ8vyofqc+TQRyPDnT4wgXXbLGF4z9YAzwwTLi8pNLhGqcbSjgkA==",
        "dependencies": {}
      },
      "set-or-get@1.2.11": {
        "integrity": "sha512-CrJL6W4xE76UlRVfpKqp3HqSAZ2CV3Mi7UHYmi8yGeajwOAoc/YpJy+8Fvvtm4eJiPb0PoilKI84KAQoo8TZYQ==",
        "dependencies": {
          "deffy": "deffy@2.2.4"
        }
      },
      "typpy@2.3.13": {
        "integrity": "sha512-vOxIcQz9sxHi+rT09SJ5aDgVgrPppQjwnnayTrMye1ODaU8gIZTDM19t9TxmEElbMihx2Nq/0/b/MtyKfayRqA==",
        "dependencies": {
          "function.name": "function.name@1.0.13"
        }
      },
      "worder@1.1.1": {
        "integrity": "sha512-wul/ncEBQk01Dc8gqHsNkMeV7YvahUSRuXm60g+pbezuWskPy/CQZtAxmi6j+GWzTCQYjW8EvbVilpIBbm4gvA==",
        "dependencies": {}
      }
    }
  },
  "remote": {
    "https://deno.land/std@0.106.0/encoding/base64.ts": "eecae390f1f1d1cae6f6c6d732ede5276bf4b9cd29b1d281678c054dc5cc009e",
    "https://deno.land/std@0.180.0/async/abortable.ts": "73acfb3ed7261ce0d930dbe89e43db8d34e017b063cf0eaa7d215477bf53442e",
    "https://deno.land/std@0.180.0/async/deadline.ts": "c5facb0b404eede83e38bd2717ea8ab34faa2ffb20ef87fd261fcba32ba307aa",
    "https://deno.land/std@0.180.0/async/debounce.ts": "adab11d04ca38d699444ac8a9d9856b4155e8dda2afd07ce78276c01ea5a4332",
    "https://deno.land/std@0.180.0/async/deferred.ts": "42790112f36a75a57db4a96d33974a936deb7b04d25c6084a9fa8a49f135def8",
    "https://deno.land/std@0.180.0/async/delay.ts": "73aa04cec034c84fc748c7be49bb15cac3dd43a57174bfdb7a4aec22c248f0dd",
    "https://deno.land/std@0.180.0/async/mod.ts": "f04344fa21738e5ad6bea37a6bfffd57c617c2d372bb9f9dcfd118a1b622e576",
    "https://deno.land/std@0.180.0/async/mux_async_iterator.ts": "70c7f2ee4e9466161350473ad61cac0b9f115cff4c552eaa7ef9d50c4cbb4cc9",
    "https://deno.land/std@0.180.0/async/pool.ts": "fd082bd4aaf26445909889435a5c74334c017847842ec035739b4ae637ae8260",
    "https://deno.land/std@0.180.0/async/retry.ts": "5efa3ba450ac0c07a40a82e2df296287b5013755d232049efd7ea2244f15b20f",
    "https://deno.land/std@0.180.0/async/tee.ts": "47e42d35f622650b02234d43803d0383a89eb4387e1b83b5a40106d18ae36757",
    "https://deno.land/std@0.180.0/http/server.ts": "cbb17b594651215ba95c01a395700684e569c165a567e4e04bba327f41197433",
    "https://deno.land/x/canvas@v1.4.1/deps.ts": "e956026d98094946166e06d7b799290b732db015813870d84e04e33ab88e98f3",
    "https://deno.land/x/canvas@v1.4.1/mod.ts": "a4e16972647ceafef58612a377a218372454c99d2c9da615a132694597114f80",
    "https://deno.land/x/canvas@v1.4.1/src/base64.ts": "0928031fdba0c43b617154fbe2eb7578366460c04da1422933ae5e936d3d0349",
    "https://deno.land/x/canvas@v1.4.1/src/canvas.ts": "58119999b04f68ebeed2627485c5c24c5b0c029707edde0b6568814f9049a3a8",
    "https://deno.land/x/canvas@v1.4.1/src/canvaskit.ts": "c3d807472cbb3e1d9fc01bb43ff974ef796c4b010178d1595be5fa793cce5e7d",
    "https://deno.land/x/canvas@v1.4.1/src/color_util.ts": "28f1072f0a5acbe7add7fac2f452311a47b44c080806fc4057de2d2e405c6c1c",
    "https://deno.land/x/canvas@v1.4.1/src/lib.js": "bb21711589bfbc8997b455cdf53e3150e23289f3b44809188041b1d2fc7924fa",
    "https://deno.land/x/canvas@v1.4.1/src/types.ts": "67d5800f8f4b0a407e0251676a03ae91b5f50a3ed53e6b72dc5984113cb93128",
    "https://deno.land/x/canvas@v1.4.1/src/wasm.js": "449d72cc14fc4142a5853f944df49a744d852981d09c5515528ede8aebb0afda",
    "https://deno.land/x/canvas@v1.4.2/deps.ts": "e956026d98094946166e06d7b799290b732db015813870d84e04e33ab88e98f3",
    "https://deno.land/x/canvas@v1.4.2/mod.ts": "a4e16972647ceafef58612a377a218372454c99d2c9da615a132694597114f80",
    "https://deno.land/x/canvas@v1.4.2/src/base64.ts": "0928031fdba0c43b617154fbe2eb7578366460c04da1422933ae5e936d3d0349",
    "https://deno.land/x/canvas@v1.4.2/src/canvas.ts": "58119999b04f68ebeed2627485c5c24c5b0c029707edde0b6568814f9049a3a8",
    "https://deno.land/x/canvas@v1.4.2/src/canvaskit.ts": "c3d807472cbb3e1d9fc01bb43ff974ef796c4b010178d1595be5fa793cce5e7d",
    "https://deno.land/x/canvas@v1.4.2/src/color_util.ts": "28f1072f0a5acbe7add7fac2f452311a47b44c080806fc4057de2d2e405c6c1c",
    "https://deno.land/x/canvas@v1.4.2/src/lib.js": "55c4064064870313439dd7ef5297374cb0cbed2dc815bd064c3ace6e067753b0",
    "https://deno.land/x/canvas@v1.4.2/src/types.ts": "67d5800f8f4b0a407e0251676a03ae91b5f50a3ed53e6b72dc5984113cb93128",
    "https://deno.land/x/canvas@v1.4.2/src/wasm.js": "449d72cc14fc4142a5853f944df49a744d852981d09c5515528ede8aebb0afda"
  }
}
